{
  "nodes": {
    "deploy-rs": {
      "inputs": {
        "flake-compat": "flake-compat",
        "naersk": "naersk",
        "nixpkgs": "nixpkgs",
        "utils": "utils"
      },
      "locked": {
        "lastModified": 1620708296,
        "narHash": "sha256-8o6qy8kYYNX+gMgKWnNqGvmX0GCEmJ4ubDS3gdWH7sI=",
        "owner": "serokell",
        "repo": "deploy-rs",
        "rev": "896f9d3b5d7c0dc2566c7d2c6fe854ecef17daec",
        "type": "github"
      },
      "original": {
        "owner": "serokell",
        "repo": "deploy-rs",
        "type": "github"
      }
    },
    "flake-compat": {
      "flake": false,
      "locked": {
        "lastModified": 1606424373,
        "narHash": "sha256-oq8d4//CJOrVj+EcOaSXvMebvuTkmBJuT5tzlfewUnQ=",
        "owner": "edolstra",
        "repo": "flake-compat",
        "rev": "99f1c2157fba4bfe6211a321fd0ee43199025dbf",
        "type": "github"
      },
      "original": {
        "owner": "edolstra",
        "repo": "flake-compat",
        "type": "github"
      }
    },
    "flake-compat_10": {
      "flake": false,
      "locked": {
        "lastModified": 1606424373,
        "narHash": "sha256-oq8d4//CJOrVj+EcOaSXvMebvuTkmBJuT5tzlfewUnQ=",
        "owner": "edolstra",
        "repo": "flake-compat",
        "rev": "99f1c2157fba4bfe6211a321fd0ee43199025dbf",
        "type": "github"
      },
      "original": {
        "owner": "edolstra",
        "repo": "flake-compat",
        "type": "github"
      }
    },
    "flake-compat_11": {
      "flake": false,
      "locked": {
        "lastModified": 1606424373,
        "narHash": "sha256-oq8d4//CJOrVj+EcOaSXvMebvuTkmBJuT5tzlfewUnQ=",
        "owner": "edolstra",
        "repo": "flake-compat",
        "rev": "99f1c2157fba4bfe6211a321fd0ee43199025dbf",
        "type": "github"
      },
      "original": {
        "owner": "edolstra",
        "repo": "flake-compat",
        "type": "github"
      }
    },
    "flake-compat_12": {
      "flake": false,
      "locked": {
        "lastModified": 1606424373,
        "narHash": "sha256-oq8d4//CJOrVj+EcOaSXvMebvuTkmBJuT5tzlfewUnQ=",
        "owner": "edolstra",
        "repo": "flake-compat",
        "rev": "99f1c2157fba4bfe6211a321fd0ee43199025dbf",
        "type": "github"
      },
      "original": {
        "owner": "edolstra",
        "repo": "flake-compat",
        "type": "github"
      }
    },
    "flake-compat_2": {
      "flake": false,
      "locked": {
        "lastModified": 1606424373,
        "narHash": "sha256-oq8d4//CJOrVj+EcOaSXvMebvuTkmBJuT5tzlfewUnQ=",
        "owner": "edolstra",
        "repo": "flake-compat",
        "rev": "99f1c2157fba4bfe6211a321fd0ee43199025dbf",
        "type": "github"
      },
      "original": {
        "owner": "edolstra",
        "repo": "flake-compat",
        "type": "github"
      }
    },
    "flake-compat_3": {
      "flake": false,
      "locked": {
        "lastModified": 1606424373,
        "narHash": "sha256-oq8d4//CJOrVj+EcOaSXvMebvuTkmBJuT5tzlfewUnQ=",
        "owner": "edolstra",
        "repo": "flake-compat",
        "rev": "99f1c2157fba4bfe6211a321fd0ee43199025dbf",
        "type": "github"
      },
      "original": {
        "owner": "edolstra",
        "repo": "flake-compat",
        "type": "github"
      }
    },
    "flake-compat_4": {
      "flake": false,
      "locked": {
        "lastModified": 1606424373,
        "narHash": "sha256-oq8d4//CJOrVj+EcOaSXvMebvuTkmBJuT5tzlfewUnQ=",
        "owner": "edolstra",
        "repo": "flake-compat",
        "rev": "99f1c2157fba4bfe6211a321fd0ee43199025dbf",
        "type": "github"
      },
      "original": {
        "owner": "edolstra",
        "repo": "flake-compat",
        "type": "github"
      }
    },
    "flake-compat_5": {
      "flake": false,
      "locked": {
        "lastModified": 1606424373,
        "narHash": "sha256-oq8d4//CJOrVj+EcOaSXvMebvuTkmBJuT5tzlfewUnQ=",
        "owner": "edolstra",
        "repo": "flake-compat",
        "rev": "99f1c2157fba4bfe6211a321fd0ee43199025dbf",
        "type": "github"
      },
      "original": {
        "owner": "edolstra",
        "repo": "flake-compat",
        "type": "github"
      }
    },
    "flake-compat_6": {
      "flake": false,
      "locked": {
        "lastModified": 1606424373,
        "narHash": "sha256-oq8d4//CJOrVj+EcOaSXvMebvuTkmBJuT5tzlfewUnQ=",
        "owner": "edolstra",
        "repo": "flake-compat",
        "rev": "99f1c2157fba4bfe6211a321fd0ee43199025dbf",
        "type": "github"
      },
      "original": {
        "owner": "edolstra",
        "repo": "flake-compat",
        "type": "github"
      }
    },
    "flake-compat_7": {
      "flake": false,
      "locked": {
        "lastModified": 1606424373,
        "narHash": "sha256-oq8d4//CJOrVj+EcOaSXvMebvuTkmBJuT5tzlfewUnQ=",
        "owner": "edolstra",
        "repo": "flake-compat",
        "rev": "99f1c2157fba4bfe6211a321fd0ee43199025dbf",
        "type": "github"
      },
      "original": {
        "owner": "edolstra",
        "repo": "flake-compat",
        "type": "github"
      }
    },
    "flake-compat_8": {
      "flake": false,
      "locked": {
        "lastModified": 1606424373,
        "narHash": "sha256-oq8d4//CJOrVj+EcOaSXvMebvuTkmBJuT5tzlfewUnQ=",
        "owner": "edolstra",
        "repo": "flake-compat",
        "rev": "99f1c2157fba4bfe6211a321fd0ee43199025dbf",
        "type": "github"
      },
      "original": {
        "owner": "edolstra",
        "repo": "flake-compat",
        "type": "github"
      }
    },
    "flake-compat_9": {
      "flake": false,
      "locked": {
        "lastModified": 1606424373,
        "narHash": "sha256-oq8d4//CJOrVj+EcOaSXvMebvuTkmBJuT5tzlfewUnQ=",
        "owner": "edolstra",
        "repo": "flake-compat",
        "rev": "99f1c2157fba4bfe6211a321fd0ee43199025dbf",
        "type": "github"
      },
      "original": {
        "owner": "edolstra",
        "repo": "flake-compat",
        "type": "github"
      }
    },
    "majordomo": {
      "inputs": {
        "nixpkgs": "nixpkgs_2",
        "nixpkgs-deprecated": "nixpkgs-deprecated",
        "nixpkgs-stable": "nixpkgs-stable"
      },
      "locked": {
        "lastModified": 1616584319,
        "narHash": "sha256-eVP3VAewj9ThWY1HLyZ5XCpzH7U8b/k2uC/x3l5ZPFQ=",
        "ref": "master",
        "rev": "7f047c1b1a5120cfcb5f2bf76e9db7e9680eac26",
        "revCount": 817,
        "type": "git",
        "url": "https://gitlab.intr/_ci/nixpkgs"
      },
      "original": {
        "type": "git",
        "url": "https://gitlab.intr/_ci/nixpkgs"
      }
    },
    "majordomo_2": {
      "inputs": {
        "nixpkgs": "nixpkgs_3",
        "nixpkgs-deprecated": "nixpkgs-deprecated_2",
        "nixpkgs-stable": "nixpkgs-stable_2"
      },
      "locked": {
        "lastModified": 1614867741,
        "narHash": "sha256-/NP8DMmFsi5DmxS11u+jikq5Dg4QkmMdsRmdTt7u0fQ=",
        "ref": "master",
        "rev": "dcb7a639403fc9dd85341126e941fa8e98f373ec",
        "revCount": 807,
        "type": "git",
        "url": "https://gitlab.intr/_ci/nixpkgs"
      },
      "original": {
        "type": "git",
        "url": "https://gitlab.intr/_ci/nixpkgs"
      }
    },
    "majordomo_3": {
      "inputs": {
        "nixpkgs": "nixpkgs_4",
        "nixpkgs-deprecated": "nixpkgs-deprecated_3",
        "nixpkgs-stable": "nixpkgs-stable_3"
      },
      "locked": {
        "lastModified": 1611842536,
        "narHash": "sha256-Er8yT12bPA99S5f7HxL7FjloZ72QGn3aEWmIf1SGb1w=",
        "ref": "master",
        "rev": "24bf48709fac4e882cf66105f41c2cfc20ade0d4",
        "revCount": 789,
        "type": "git",
        "url": "https://gitlab.intr/_ci/nixpkgs"
      },
      "original": {
        "type": "git",
        "url": "https://gitlab.intr/_ci/nixpkgs"
      }
    },
    "majordomo_4": {
      "inputs": {
        "nixpkgs": "nixpkgs_8",
        "nixpkgs-deprecated": "nixpkgs-deprecated_4",
        "nixpkgs-stable": "nixpkgs-stable_4"
      },
      "locked": {
        "lastModified": 1614170463,
        "narHash": "sha256-FyhESR4QVxOUisppLzRDwfDEBdoOsoF0uNlfLEjMNCA=",
        "ref": "master",
        "rev": "c5ee8b114454ef644f72f1455197459e5c90a779",
        "revCount": 796,
        "type": "git",
        "url": "https://gitlab.intr/_ci/nixpkgs"
      },
      "original": {
        "type": "git",
        "url": "https://gitlab.intr/_ci/nixpkgs"
      }
    },
    "majordomo_5": {
      "inputs": {
        "nixpkgs": "nixpkgs_11",
        "nixpkgs-deprecated": "nixpkgs-deprecated_5",
        "nixpkgs-stable": "nixpkgs-stable_5"
      },
      "locked": {
        "lastModified": 1614610121,
        "narHash": "sha256-Y88jTpUuFgJGEfNjVbtfgUWpXF12tZvvFmncNQApon0=",
        "ref": "master",
        "rev": "135a86868e1d81c3c4fec2600f730515e7e73d6b",
        "revCount": 803,
        "type": "git",
        "url": "https://gitlab.intr/_ci/nixpkgs"
      },
      "original": {
        "type": "git",
        "url": "https://gitlab.intr/_ci/nixpkgs"
      }
    },
    "majordomo_6": {
      "inputs": {
        "nixpkgs": "nixpkgs_14",
        "nixpkgs-deprecated": "nixpkgs-deprecated_6",
        "nixpkgs-stable": "nixpkgs-stable_6"
      },
      "locked": {
        "lastModified": 1614170463,
        "narHash": "sha256-FyhESR4QVxOUisppLzRDwfDEBdoOsoF0uNlfLEjMNCA=",
        "ref": "master",
        "rev": "c5ee8b114454ef644f72f1455197459e5c90a779",
        "revCount": 796,
        "type": "git",
        "url": "https://gitlab.intr/_ci/nixpkgs"
      },
      "original": {
        "type": "git",
        "url": "https://gitlab.intr/_ci/nixpkgs"
      }
    },
    "naersk": {
      "inputs": {
        "nixpkgs": [
          "nixpkgs"
        ]
      },
      "locked": {
        "lastModified": 1610392286,
        "narHash": "sha256-3wFl5y+4YZO4SgRYK8WE7JIS3p0sxbgrGaQ6RMw+d98=",
        "owner": "nmattia",
        "repo": "naersk",
        "rev": "d7bfbad3304fd768c0f93a4c3b50976275e6d4be",
        "type": "github"
      },
      "original": {
        "owner": "nmattia",
        "ref": "master",
        "repo": "naersk",
        "type": "github"
      }
    },
    "net-pxe": {
      "inputs": {
        "flake-compat": "flake-compat_3",
        "majordomo": "majordomo_3",
        "nixpkgs": "nixpkgs_5",
        "nixpkgs-unstable": "nixpkgs-unstable"
      },
      "locked": {
        "lastModified": 1615298496,
        "narHash": "sha256-CMKFLgUqz5OcHO5BuvMM/JZ8EF1WK3Oa/vu7F2LYKr4=",
        "ref": "master",
        "rev": "bfbbab2b91bf68fdc08b47a6d13d715b30d887fc",
        "revCount": 59,
        "type": "git",
        "url": "ssh://git@gitlab.intr/net/pxe"
      },
      "original": {
        "type": "git",
        "url": "ssh://git@gitlab.intr/net/pxe"
      }
    },
    "net-vpn-si": {
      "inputs": {
        "flake-compat": "flake-compat_4",
        "nixpkgs": "nixpkgs_6",
        "nixpkgs-unstable": "nixpkgs-unstable_2"
      },
      "locked": {
        "lastModified": 1615298013,
        "narHash": "sha256-K2qJ1eUO82ZAMhAE65iZc9WjbVerpy6A2V+cTImcY9E=",
        "ref": "master",
        "rev": "112815679c04f70f2d225d6f6bb8ff923ca89da5",
        "revCount": 7,
        "type": "git",
        "url": "ssh://git@gitlab.intr/net/vpn"
      },
      "original": {
        "type": "git",
        "url": "ssh://git@gitlab.intr/net/vpn"
      }
    },
    "nix-flake-common": {
      "inputs": {
        "majordomo": "majordomo_2",
        "net-pxe": "net-pxe",
        "net-vpn-si": "net-vpn-si",
        "nixpkgs": "nixpkgs_7",
        "nixpkgs-20-03": "nixpkgs-20-03",
        "nixpkgs-20-09": "nixpkgs-20-09",
        "nixpkgs-unstable": "nixpkgs-unstable_3",
        "nixpkgs-vulnix": "nixpkgs-vulnix",
        "ssl-certificates": "ssl-certificates",
        "telegraf": "telegraf",
        "webservices-rsyslog": "webservices-rsyslog",
        "zabbix-agentd-conf": "zabbix-agentd-conf"
      },
      "locked": {
        "lastModified": 1624881010,
        "narHash": "sha256-zuNknzfeYy62DKl6J7GJmaq4O88Kk4L+Cn5V4oVmOYg=",
        "ref": "master",
        "rev": "3796cefc619f39b2c9646c63e62127fcf720a8fb",
        "revCount": 1450,
        "type": "git",
        "url": "ssh://git@gitlab.intr/_ci/nixops"
      },
      "original": {
        "type": "git",
        "url": "ssh://git@gitlab.intr/_ci/nixops"
      }
    },
    "nixpkgs": {
      "locked": {
        "lastModified": 1610942247,
        "narHash": "sha256-PKo1ATAlC6BmfYSRmX0TVmNoFbrec+A5OKcabGEu2yU=",
        "owner": "NixOS",
        "repo": "nixpkgs",
        "rev": "7d71001b796340b219d1bfa8552c81995017544a",
        "type": "github"
      },
      "original": {
        "owner": "NixOS",
        "ref": "nixpkgs-unstable",
        "repo": "nixpkgs",
        "type": "github"
      }
    },
    "nixpkgs-20-03": {
      "flake": false,
      "locked": {
        "lastModified": 1587398327,
        "narHash": "sha256-mEKkeLgUrzAsdEaJ/1wdvYn0YZBAKEG3AN21koD2AgU=",
        "owner": "NixOS",
        "repo": "nixpkgs",
        "rev": "5272327b81ed355bbed5659b8d303cf2979b6953",
        "type": "github"
      },
      "original": {
        "id": "nixpkgs",
        "ref": "20.03",
        "type": "indirect"
      }
    },
    "nixpkgs-20-09": {
      "locked": {
        "lastModified": 1603791972,
        "narHash": "sha256-nj2SvACFH+NERpye1kudcuygCcvnsZYv26M2+wgM5vE=",
        "owner": "NixOS",
        "repo": "nixpkgs",
        "rev": "cd63096d6d887d689543a0b97743d28995bc9bc3",
        "type": "github"
      },
      "original": {
        "id": "nixpkgs",
        "ref": "20.09",
        "type": "indirect"
      }
    },
    "nixpkgs-20-09_2": {
      "locked": {
        "lastModified": 1618358082,
        "narHash": "sha256-4vyEiTcCk7hRigwcRqDAF86YQbUzALUNxyH8SLG4oeo=",
        "owner": "NixOS",
        "repo": "nixpkgs",
        "rev": "dec334fa196a4aeedb1b60d8f7d61aa00d327499",
        "type": "github"
      },
      "original": {
        "id": "nixpkgs",
        "ref": "nixos-20.09",
        "type": "indirect"
      }
    },
    "nixpkgs-deprecated": {
      "flake": false,
      "locked": {
        "lastModified": 1443642366,
        "narHash": "sha256-VuzP9RfndgC6yhL2U8X6stGULoOHr1HcscympKUgwV4=",
        "owner": "NixOS",
        "repo": "nixpkgs",
        "rev": "9c31c72cafe536e0c21238b2d47a23bfe7d1b033",
        "type": "github"
      },
      "original": {
        "owner": "NixOS",
        "ref": "15.09",
        "repo": "nixpkgs",
        "type": "github"
      }
    },
    "nixpkgs-deprecated_2": {
      "flake": false,
      "locked": {
        "lastModified": 1443642366,
        "narHash": "sha256-VuzP9RfndgC6yhL2U8X6stGULoOHr1HcscympKUgwV4=",
        "owner": "NixOS",
        "repo": "nixpkgs",
        "rev": "9c31c72cafe536e0c21238b2d47a23bfe7d1b033",
        "type": "github"
      },
      "original": {
        "owner": "NixOS",
        "ref": "15.09",
        "repo": "nixpkgs",
        "type": "github"
      }
    },
    "nixpkgs-deprecated_3": {
      "flake": false,
      "locked": {
        "lastModified": 1443642366,
        "narHash": "sha256-VuzP9RfndgC6yhL2U8X6stGULoOHr1HcscympKUgwV4=",
        "owner": "NixOS",
        "repo": "nixpkgs",
        "rev": "9c31c72cafe536e0c21238b2d47a23bfe7d1b033",
        "type": "github"
      },
      "original": {
        "owner": "NixOS",
        "ref": "15.09",
        "repo": "nixpkgs",
        "type": "github"
      }
    },
    "nixpkgs-deprecated_4": {
      "flake": false,
      "locked": {
        "lastModified": 1443642366,
        "narHash": "sha256-VuzP9RfndgC6yhL2U8X6stGULoOHr1HcscympKUgwV4=",
        "owner": "NixOS",
        "repo": "nixpkgs",
        "rev": "9c31c72cafe536e0c21238b2d47a23bfe7d1b033",
        "type": "github"
      },
      "original": {
        "owner": "NixOS",
        "ref": "15.09",
        "repo": "nixpkgs",
        "type": "github"
      }
    },
    "nixpkgs-deprecated_5": {
      "flake": false,
      "locked": {
        "lastModified": 1443642366,
        "narHash": "sha256-VuzP9RfndgC6yhL2U8X6stGULoOHr1HcscympKUgwV4=",
        "owner": "NixOS",
        "repo": "nixpkgs",
        "rev": "9c31c72cafe536e0c21238b2d47a23bfe7d1b033",
        "type": "github"
      },
      "original": {
        "owner": "NixOS",
        "ref": "15.09",
        "repo": "nixpkgs",
        "type": "github"
      }
    },
    "nixpkgs-deprecated_6": {
      "flake": false,
      "locked": {
        "lastModified": 1443642366,
        "narHash": "sha256-VuzP9RfndgC6yhL2U8X6stGULoOHr1HcscympKUgwV4=",
        "owner": "NixOS",
        "repo": "nixpkgs",
        "rev": "9c31c72cafe536e0c21238b2d47a23bfe7d1b033",
        "type": "github"
      },
      "original": {
        "owner": "NixOS",
        "ref": "15.09",
        "repo": "nixpkgs",
        "type": "github"
      }
    },
    "nixpkgs-stable": {
      "locked": {
        "lastModified": 1606789930,
        "narHash": "sha256-fIDdUZHX6OnErpv+ZXEM/479z8WKNyNX9ALsHQpjoeA=",
        "owner": "NixOS",
        "repo": "nixpkgs",
        "rev": "2fbcd0b9df95306199407e36a038d2cc3aa24786",
        "type": "github"
      },
      "original": {
        "id": "nixpkgs",
        "ref": "nixos-20.09",
        "type": "indirect"
      }
    },
    "nixpkgs-stable_2": {
      "locked": {
        "lastModified": 1606789930,
        "narHash": "sha256-fIDdUZHX6OnErpv+ZXEM/479z8WKNyNX9ALsHQpjoeA=",
        "owner": "NixOS",
        "repo": "nixpkgs",
        "rev": "2fbcd0b9df95306199407e36a038d2cc3aa24786",
        "type": "github"
      },
      "original": {
        "id": "nixpkgs",
        "ref": "nixos-20.09",
        "type": "indirect"
      }
    },
    "nixpkgs-stable_3": {
      "locked": {
        "lastModified": 1606789930,
        "narHash": "sha256-fIDdUZHX6OnErpv+ZXEM/479z8WKNyNX9ALsHQpjoeA=",
        "owner": "NixOS",
        "repo": "nixpkgs",
        "rev": "2fbcd0b9df95306199407e36a038d2cc3aa24786",
        "type": "github"
      },
      "original": {
        "id": "nixpkgs",
        "ref": "nixos-20.09",
        "type": "indirect"
      }
    },
    "nixpkgs-stable_4": {
      "locked": {
        "lastModified": 1606789930,
        "narHash": "sha256-fIDdUZHX6OnErpv+ZXEM/479z8WKNyNX9ALsHQpjoeA=",
        "owner": "NixOS",
        "repo": "nixpkgs",
        "rev": "2fbcd0b9df95306199407e36a038d2cc3aa24786",
        "type": "github"
      },
      "original": {
        "id": "nixpkgs",
        "ref": "nixos-20.09",
        "type": "indirect"
      }
    },
    "nixpkgs-stable_5": {
      "locked": {
        "lastModified": 1606789930,
        "narHash": "sha256-fIDdUZHX6OnErpv+ZXEM/479z8WKNyNX9ALsHQpjoeA=",
        "owner": "NixOS",
        "repo": "nixpkgs",
        "rev": "2fbcd0b9df95306199407e36a038d2cc3aa24786",
        "type": "github"
      },
      "original": {
        "id": "nixpkgs",
        "ref": "nixos-20.09",
        "type": "indirect"
      }
    },
    "nixpkgs-stable_6": {
      "locked": {
        "lastModified": 1606789930,
        "narHash": "sha256-fIDdUZHX6OnErpv+ZXEM/479z8WKNyNX9ALsHQpjoeA=",
        "owner": "NixOS",
        "repo": "nixpkgs",
        "rev": "2fbcd0b9df95306199407e36a038d2cc3aa24786",
        "type": "github"
      },
      "original": {
        "id": "nixpkgs",
        "ref": "nixos-20.09",
        "type": "indirect"
      }
    },
    "nixpkgs-unstable": {
      "locked": {
        "lastModified": 1614458356,
        "narHash": "sha256-5PBcS5ws/6sUMkX6dFzdsnbAb/Y0iZZrbeGHIuZh9Io=",
        "owner": "NixOS",
        "repo": "nixpkgs",
        "rev": "5df05c902cde398e056eb6271d5fe13e418db4c6",
        "type": "github"
      },
      "original": {
        "id": "nixpkgs",
        "ref": "nixpkgs-unstable",
        "type": "indirect"
      }
    },
    "nixpkgs-unstable_10": {
      "locked": {
        "lastModified": 1614120529,
        "narHash": "sha256-hclw+eBBxxDjoPCl2iO03wLD+RXeV90rK5KnnXTR2AI=",
        "owner": "NixOS",
        "repo": "nixpkgs",
        "rev": "7fd33568097fb72194bafc6016d4803cf125d36f",
        "type": "github"
      },
      "original": {
        "id": "nixpkgs",
        "ref": "nixpkgs-unstable",
        "type": "indirect"
      }
    },
    "nixpkgs-unstable_11": {
      "locked": {
        "lastModified": 1614321075,
        "narHash": "sha256-9HeGjJlQoGpV5ppDzDSB9JB6uy8MyvMcqFe7q/mWr3k=",
        "owner": "NixOS",
        "repo": "nixpkgs",
        "rev": "870dbb751f4d851a3dfb554835a0c2f528386982",
        "type": "github"
      },
      "original": {
        "id": "nixpkgs",
        "ref": "nixpkgs-unstable",
        "type": "indirect"
      }
    },
    "nixpkgs-unstable_12": {
      "locked": {
        "lastModified": 1614321075,
        "narHash": "sha256-9HeGjJlQoGpV5ppDzDSB9JB6uy8MyvMcqFe7q/mWr3k=",
        "owner": "NixOS",
        "repo": "nixpkgs",
        "rev": "870dbb751f4d851a3dfb554835a0c2f528386982",
        "type": "github"
      },
      "original": {
        "owner": "NixOS",
        "ref": "nixpkgs-unstable",
        "repo": "nixpkgs",
        "type": "github"
      }
    },
    "nixpkgs-unstable_2": {
      "locked": {
        "lastModified": 1614321075,
        "narHash": "sha256-9HeGjJlQoGpV5ppDzDSB9JB6uy8MyvMcqFe7q/mWr3k=",
        "owner": "NixOS",
        "repo": "nixpkgs",
        "rev": "870dbb751f4d851a3dfb554835a0c2f528386982",
        "type": "github"
      },
      "original": {
        "id": "nixpkgs",
        "ref": "nixpkgs-unstable",
        "type": "indirect"
      }
    },
    "nixpkgs-unstable_3": {
      "locked": {
        "lastModified": 1614930800,
        "narHash": "sha256-qnLi8glEy0Yyfwrbsw7kn1G6nDuVRTeLolbwxqpDt08=",
        "owner": "NixOS",
        "repo": "nixpkgs",
        "rev": "f5f6dc053b1a0eca03c853dad710f3de070df24e",
        "type": "github"
      },
      "original": {
        "id": "nixpkgs",
        "ref": "nixpkgs-unstable",
        "type": "indirect"
      }
    },
    "nixpkgs-unstable_4": {
      "locked": {
        "lastModified": 1614120529,
        "narHash": "sha256-hclw+eBBxxDjoPCl2iO03wLD+RXeV90rK5KnnXTR2AI=",
        "owner": "NixOS",
        "repo": "nixpkgs",
        "rev": "7fd33568097fb72194bafc6016d4803cf125d36f",
        "type": "github"
      },
      "original": {
        "id": "nixpkgs",
        "ref": "nixpkgs-unstable",
        "type": "indirect"
      }
    },
    "nixpkgs-unstable_5": {
      "locked": {
        "lastModified": 1614321075,
        "narHash": "sha256-9HeGjJlQoGpV5ppDzDSB9JB6uy8MyvMcqFe7q/mWr3k=",
        "owner": "NixOS",
        "repo": "nixpkgs",
        "rev": "870dbb751f4d851a3dfb554835a0c2f528386982",
        "type": "github"
      },
      "original": {
        "id": "nixpkgs",
        "ref": "nixpkgs-unstable",
        "type": "indirect"
      }
    },
    "nixpkgs-unstable_6": {
      "locked": {
        "lastModified": 1614321075,
        "narHash": "sha256-9HeGjJlQoGpV5ppDzDSB9JB6uy8MyvMcqFe7q/mWr3k=",
        "owner": "NixOS",
        "repo": "nixpkgs",
        "rev": "870dbb751f4d851a3dfb554835a0c2f528386982",
        "type": "github"
      },
      "original": {
        "id": "nixpkgs",
        "ref": "nixpkgs-unstable",
        "type": "indirect"
      }
    },
    "nixpkgs-unstable_7": {
      "locked": {
        "lastModified": 1614930800,
        "narHash": "sha256-qnLi8glEy0Yyfwrbsw7kn1G6nDuVRTeLolbwxqpDt08=",
        "owner": "NixOS",
        "repo": "nixpkgs",
        "rev": "f5f6dc053b1a0eca03c853dad710f3de070df24e",
        "type": "github"
      },
      "original": {
        "id": "nixpkgs",
        "ref": "nixpkgs-unstable",
        "type": "indirect"
      }
    },
    "nixpkgs-unstable_8": {
      "locked": {
        "lastModified": 1614930800,
        "narHash": "sha256-qnLi8glEy0Yyfwrbsw7kn1G6nDuVRTeLolbwxqpDt08=",
        "owner": "NixOS",
        "repo": "nixpkgs",
        "rev": "f5f6dc053b1a0eca03c853dad710f3de070df24e",
        "type": "github"
      },
      "original": {
        "id": "nixpkgs",
        "ref": "nixpkgs-unstable",
        "type": "indirect"
      }
    },
    "nixpkgs-unstable_9": {
      "locked": {
        "lastModified": 1614930800,
        "narHash": "sha256-qnLi8glEy0Yyfwrbsw7kn1G6nDuVRTeLolbwxqpDt08=",
        "owner": "NixOS",
        "repo": "nixpkgs",
        "rev": "f5f6dc053b1a0eca03c853dad710f3de070df24e",
        "type": "github"
      },
      "original": {
        "id": "nixpkgs",
        "ref": "nixpkgs-unstable",
        "type": "indirect"
      }
    },
    "nixpkgs-vulnix": {
      "flake": false,
      "locked": {
        "lastModified": 1582019319,
        "narHash": "sha256-Cu1Fqyl+g32BDXka8q5xpUZMFvsjqqYVIMoQvog0gfg=",
        "owner": "nixos",
        "repo": "nixpkgs",
        "rev": "329102c47bd1c68f0acdf4feec64232202948c7a",
        "type": "github"
      },
      "original": {
        "owner": "nixos",
        "repo": "nixpkgs",
        "rev": "329102c47bd1c68f0acdf4feec64232202948c7a",
        "type": "github"
      }
    },
    "nixpkgs-vulnix_2": {
      "flake": false,
      "locked": {
        "lastModified": 1582019319,
        "narHash": "sha256-Cu1Fqyl+g32BDXka8q5xpUZMFvsjqqYVIMoQvog0gfg=",
        "owner": "nixos",
        "repo": "nixpkgs",
        "rev": "329102c47bd1c68f0acdf4feec64232202948c7a",
        "type": "github"
      },
      "original": {
        "owner": "nixos",
        "repo": "nixpkgs",
        "rev": "329102c47bd1c68f0acdf4feec64232202948c7a",
        "type": "github"
      }
    },
    "nixpkgs_10": {
      "flake": false,
      "locked": {
        "lastModified": 1603791972,
        "narHash": "sha256-nj2SvACFH+NERpye1kudcuygCcvnsZYv26M2+wgM5vE=",
        "owner": "NixOS",
        "repo": "nixpkgs",
        "rev": "cd63096d6d887d689543a0b97743d28995bc9bc3",
        "type": "github"
      },
      "original": {
        "id": "nixpkgs",
        "ref": "20.09",
        "type": "indirect"
      }
    },
    "nixpkgs_11": {
      "flake": false,
      "locked": {
        "lastModified": 1570630026,
        "narHash": "sha256-IjHyx3uz9jYBh5R9v6lea5Hd/F6iYTBcyHkXHwSGGFY=",
        "owner": "NixOS",
        "repo": "nixpkgs",
        "rev": "d5291756487d70bc336e33512a9baf9fa1788faf",
        "type": "github"
      },
      "original": {
        "owner": "NixOS",
        "ref": "19.09",
        "repo": "nixpkgs",
        "type": "github"
      }
    },
    "nixpkgs_12": {
      "locked": {
        "lastModified": 1614531331,
        "narHash": "sha256-/69RG5ZI84MMN+ZD99A+MtPzyNDtwfcEFIUsuijwQPw=",
        "owner": "NixOS",
        "repo": "nixpkgs",
        "rev": "df8e3bd110921621d175fad88c9e67909b7cb3d3",
        "type": "github"
      },
      "original": {
        "id": "nixpkgs",
        "ref": "nixos-20.09",
        "type": "indirect"
      }
    },
    "nixpkgs_13": {
      "locked": {
        "lastModified": 1618388647,
        "narHash": "sha256-qs2LLMWfFI51MiSyt4azliM6tdBgaIonRqD7Oq8Nxjk=",
        "owner": "NixOS",
        "repo": "nixpkgs",
        "rev": "b3d70196ea1b4586414122ae1aadff5c37ef9611",
        "type": "github"
      },
      "original": {
        "id": "nixpkgs",
        "type": "indirect"
      }
    },
    "nixpkgs_14": {
      "flake": false,
      "locked": {
        "lastModified": 1570630026,
        "narHash": "sha256-IjHyx3uz9jYBh5R9v6lea5Hd/F6iYTBcyHkXHwSGGFY=",
        "owner": "NixOS",
        "repo": "nixpkgs",
        "rev": "d5291756487d70bc336e33512a9baf9fa1788faf",
        "type": "github"
      },
      "original": {
        "owner": "NixOS",
        "ref": "19.09",
        "repo": "nixpkgs",
        "type": "github"
      }
    },
    "nixpkgs_15": {
      "locked": {
        "lastModified": 1603791972,
        "narHash": "sha256-nj2SvACFH+NERpye1kudcuygCcvnsZYv26M2+wgM5vE=",
        "owner": "NixOS",
        "repo": "nixpkgs",
        "rev": "cd63096d6d887d689543a0b97743d28995bc9bc3",
        "type": "github"
      },
      "original": {
        "id": "nixpkgs",
        "ref": "20.09",
        "type": "indirect"
      }
    },
    "nixpkgs_16": {
      "locked": {
        "lastModified": 1614531331,
        "narHash": "sha256-/69RG5ZI84MMN+ZD99A+MtPzyNDtwfcEFIUsuijwQPw=",
        "owner": "NixOS",
        "repo": "nixpkgs",
        "rev": "df8e3bd110921621d175fad88c9e67909b7cb3d3",
        "type": "github"
      },
      "original": {
        "id": "nixpkgs",
        "ref": "nixos-20.09",
        "type": "indirect"
      }
    },
    "nixpkgs_2": {
      "flake": false,
      "locked": {
        "lastModified": 1570630026,
        "narHash": "sha256-IjHyx3uz9jYBh5R9v6lea5Hd/F6iYTBcyHkXHwSGGFY=",
        "owner": "NixOS",
        "repo": "nixpkgs",
        "rev": "d5291756487d70bc336e33512a9baf9fa1788faf",
        "type": "github"
      },
      "original": {
        "owner": "NixOS",
        "ref": "19.09",
        "repo": "nixpkgs",
        "type": "github"
      }
    },
    "nixpkgs_3": {
      "flake": false,
      "locked": {
        "lastModified": 1570630026,
        "narHash": "sha256-IjHyx3uz9jYBh5R9v6lea5Hd/F6iYTBcyHkXHwSGGFY=",
        "owner": "NixOS",
        "repo": "nixpkgs",
        "rev": "d5291756487d70bc336e33512a9baf9fa1788faf",
        "type": "github"
      },
      "original": {
        "owner": "NixOS",
        "ref": "19.09",
        "repo": "nixpkgs",
        "type": "github"
      }
    },
    "nixpkgs_4": {
      "flake": false,
      "locked": {
        "lastModified": 1570630026,
        "narHash": "sha256-IjHyx3uz9jYBh5R9v6lea5Hd/F6iYTBcyHkXHwSGGFY=",
        "owner": "NixOS",
        "repo": "nixpkgs",
        "rev": "d5291756487d70bc336e33512a9baf9fa1788faf",
        "type": "github"
      },
      "original": {
        "owner": "NixOS",
        "ref": "19.09",
        "repo": "nixpkgs",
        "type": "github"
      }
    },
    "nixpkgs_5": {
      "locked": {
        "lastModified": 1614941282,
        "narHash": "sha256-NkEmSv8oR4eKUZiSNiiavQPOcNNTsctl0fDGKiToX4Y=",
        "owner": "NixOS",
        "repo": "nixpkgs",
        "rev": "44c56067920f64314fa49889321b852175ee13a1",
        "type": "github"
      },
      "original": {
        "id": "nixpkgs",
        "type": "indirect"
      }
    },
    "nixpkgs_6": {
      "flake": false,
      "locked": {
        "lastModified": 1603791972,
        "narHash": "sha256-nj2SvACFH+NERpye1kudcuygCcvnsZYv26M2+wgM5vE=",
        "owner": "NixOS",
        "repo": "nixpkgs",
        "rev": "cd63096d6d887d689543a0b97743d28995bc9bc3",
        "type": "github"
      },
      "original": {
        "id": "nixpkgs",
        "ref": "20.09",
        "type": "indirect"
      }
    },
    "nixpkgs_7": {
      "locked": {
        "lastModified": 1614930800,
        "narHash": "sha256-qnLi8glEy0Yyfwrbsw7kn1G6nDuVRTeLolbwxqpDt08=",
        "owner": "NixOS",
        "repo": "nixpkgs",
        "rev": "f5f6dc053b1a0eca03c853dad710f3de070df24e",
        "type": "github"
      },
      "original": {
        "id": "nixpkgs",
        "ref": "nixpkgs-unstable",
        "type": "indirect"
      }
    },
    "nixpkgs_8": {
      "flake": false,
      "locked": {
        "lastModified": 1570630026,
        "narHash": "sha256-IjHyx3uz9jYBh5R9v6lea5Hd/F6iYTBcyHkXHwSGGFY=",
        "owner": "NixOS",
        "repo": "nixpkgs",
        "rev": "d5291756487d70bc336e33512a9baf9fa1788faf",
        "type": "github"
      },
      "original": {
        "owner": "NixOS",
        "ref": "19.09",
        "repo": "nixpkgs",
        "type": "github"
      }
    },
    "nixpkgs_9": {
      "locked": {
        "lastModified": 1603791972,
        "narHash": "sha256-nj2SvACFH+NERpye1kudcuygCcvnsZYv26M2+wgM5vE=",
        "owner": "NixOS",
        "repo": "nixpkgs",
        "rev": "cd63096d6d887d689543a0b97743d28995bc9bc3",
        "type": "github"
      },
      "original": {
        "id": "nixpkgs",
        "ref": "20.09",
        "type": "indirect"
      }
    },
    "root": {
      "inputs": {
        "deploy-rs": "deploy-rs",
        "flake-compat": "flake-compat_2",
        "majordomo": "majordomo",
        "nix-flake-common": "nix-flake-common",
        "nixpkgs": "nixpkgs_13",
        "nixpkgs-20-09": "nixpkgs-20-09_2",
        "nixpkgs-unstable": "nixpkgs-unstable_9",
        "nixpkgs-vulnix": "nixpkgs-vulnix_2",
        "ssl-certificates": "ssl-certificates_2",
        "utils": "utils_2",
        "zabbix-agentd-conf": "zabbix-agentd-conf_2"
      }
    },
    "ssl-certificates": {
      "inputs": {
        "flake-compat": "flake-compat_5",
        "majordomo": "majordomo_4",
        "nixpkgs": "nixpkgs_9",
        "nixpkgs-unstable": "nixpkgs-unstable_4"
      },
      "locked": {
        "lastModified": 1616067909,
        "narHash": "sha256-n+BA/iIqYeb16D9bGvOnRwebt59fM83m7U5izboA9sI=",
        "ref": "master",
        "rev": "69f402bef14952b7b85f99183ec27cfc01c62a53",
        "revCount": 102,
        "type": "git",
        "url": "ssh://git@gitlab.intr/office/ssl-certificates"
      },
      "original": {
        "type": "git",
        "url": "ssh://git@gitlab.intr/office/ssl-certificates"
      }
    },
    "ssl-certificates_2": {
      "inputs": {
        "flake-compat": "flake-compat_10",
        "majordomo": "majordomo_6",
        "nixpkgs": "nixpkgs_15",
        "nixpkgs-unstable": "nixpkgs-unstable_10"
      },
      "locked": {
        "lastModified": 1616505333,
        "narHash": "sha256-JjZOqQshh2CJzB/iVZsxLFGdkdyoeL/a7oc6VzQt0QY=",
        "ref": "master",
        "rev": "df6f550ac1f21ea4982673512fa961c1541b3824",
        "revCount": 107,
        "type": "git",
        "url": "ssh://git@gitlab.intr/office/ssl-certificates"
      },
      "original": {
        "type": "git",
        "url": "ssh://git@gitlab.intr/office/ssl-certificates"
      }
    },
    "telegraf": {
      "inputs": {
        "flake-compat": "flake-compat_6",
        "nixpkgs": "nixpkgs_10",
        "nixpkgs-unstable": "nixpkgs-unstable_5"
      },
      "locked": {
        "lastModified": 1615298033,
        "narHash": "sha256-302nBMDnKaIMsI8//eNYUCCpmXBGz1VTEa+lce2NbX4=",
        "ref": "master",
        "rev": "7e04ad45a395f2e9c942f8ed7cfc02ff9784715d",
        "revCount": 89,
        "type": "git",
        "url": "ssh://git@gitlab.intr/monitoring/telegraf-build"
      },
      "original": {
        "type": "git",
        "url": "ssh://git@gitlab.intr/monitoring/telegraf-build"
      }
    },
    "utils": {
      "locked": {
        "lastModified": 1610051610,
        "narHash": "sha256-U9rPz/usA1/Aohhk7Cmc2gBrEEKRzcW4nwPWMPwja4Y=",
        "owner": "numtide",
        "repo": "flake-utils",
        "rev": "3982c9903e93927c2164caa727cd3f6a0e6d14cc",
        "type": "github"
      },
      "original": {
        "owner": "numtide",
        "repo": "flake-utils",
        "type": "github"
      }
    },
    "utils_2": {
      "locked": {
        "lastModified": 1614513358,
        "narHash": "sha256-LakhOx3S1dRjnh0b5Dg3mbZyH0ToC9I8Y2wKSkBaTzU=",
        "owner": "numtide",
        "repo": "flake-utils",
        "rev": "5466c5bbece17adaab2d82fae80b46e807611bf3",
        "type": "github"
      },
      "original": {
        "owner": "numtide",
        "repo": "flake-utils",
        "type": "github"
      }
    },
    "webservices-rsyslog": {
      "inputs": {
        "flake-compat": "flake-compat_7",
        "majordomo": "majordomo_5",
        "nixpkgs-unstable": "nixpkgs-unstable_6"
      },
      "locked": {
        "lastModified": 1615298523,
        "narHash": "sha256-AClkQJ+LDxaZqjIqNFly7MDvVjSzrYBI9CQMcq/y4og=",
        "ref": "master",
        "rev": "9158ff8eaee45bcf4a4b965df84f409e87c6f8f4",
        "revCount": 30,
        "type": "git",
        "url": "ssh://git@gitlab.intr/webservices/rsyslog"
      },
      "original": {
        "type": "git",
        "url": "ssh://git@gitlab.intr/webservices/rsyslog"
      }
    },
    "zabbix-agentd-conf": {
      "inputs": {
        "flake-compat": "flake-compat_8",
        "nixpkgs-unstable": "nixpkgs-unstable_7",
        "zabbix-scripts": "zabbix-scripts"
      },
      "locked": {
        "lastModified": 1615298585,
        "narHash": "sha256-O5QGyXtl0N4gduAXPT0Fcp7a9ID5e23FTXtdHVEVlIU=",
        "ref": "master",
        "rev": "33e1238683b16715e502b3d00c31f0d7136609df",
        "revCount": 424,
        "type": "git",
        "url": "ssh://git@gitlab.intr/chef/service"
      },
      "original": {
        "type": "git",
        "url": "ssh://git@gitlab.intr/chef/service"
      }
    },
    "zabbix-agentd-conf_2": {
      "inputs": {
        "flake-compat": "flake-compat_11",
        "nixpkgs-unstable": "nixpkgs-unstable_11",
        "zabbix-scripts": "zabbix-scripts_2"
      },
      "locked": {
        "lastModified": 1618235974,
        "narHash": "sha256-162cLkrvq52aFsBgjJESn/Voohrdajb5Wu7/Tj7a3j0=",
        "ref": "master",
        "rev": "89c5c32e64619c94efd6dadb219d4160e9d433b8",
        "revCount": 426,
        "type": "git",
        "url": "ssh://git@gitlab.intr/chef/service"
      },
      "original": {
        "type": "git",
        "url": "ssh://git@gitlab.intr/chef/service"
      }
    },
    "zabbix-scripts": {
      "inputs": {
        "flake-compat": "flake-compat_9",
        "nixpkgs": "nixpkgs_12",
        "nixpkgs-unstable": "nixpkgs-unstable_8"
      },
      "locked": {
        "lastModified": 1614690690,
        "narHash": "sha256-6JqW9vupa8xr2BjUzb8M34MrEJn93fyDSSdVpgh1qwc=",
        "ref": "flake",
        "rev": "53b2473139303261d86dcc7d7400b53ad54a141b",
        "revCount": 120,
        "type": "git",
        "url": "ssh://git@gitlab.intr/staff/zabbix-scripts"
      },
      "original": {
        "ref": "flake",
        "type": "git",
        "url": "ssh://git@gitlab.intr/staff/zabbix-scripts"
      }
    },
    "zabbix-scripts_2": {
      "inputs": {
        "flake-compat": "flake-compat_12",
        "nixpkgs": "nixpkgs_16",
        "nixpkgs-unstable": "nixpkgs-unstable_12"
      },
      "locked": {
        "lastModified": 1614603302,
        "narHash": "sha256-PKoJztUFtjz459Rj217MaT5CJjj/Mu2blSS+oWzRhZ8=",
        "ref": "flake",
        "rev": "010c4bbc25fcf431c64f308d176ca0a737d9020c",
        "revCount": 119,
        "type": "git",
        "url": "ssh://git@gitlab.intr/staff/zabbix-scripts"
      },
      "original": {
        "ref": "flake",
        "type": "git",
        "url": "ssh://git@gitlab.intr/staff/zabbix-scripts"
      }
    }
  },
  "root": "root",
  "version": 7
}
